<?xml version="1.0" encoding="utf-8"?>
<Project ToolsVersion="4.0" xmlns="http://schemas.microsoft.com/developer/msbuild/2003">
  <ItemGroup>
    <Filter Include="Source Files">
      <UniqueIdentifier>{4FC737F1-C7A5-4376-A066-2A32D752A2FF}</UniqueIdentifier>
      <Extensions>cpp;c;cc;cxx;def;odl;idl;hpj;bat;asm;asmx</Extensions>
    </Filter>
    <Filter Include="Header Files">
      <UniqueIdentifier>{93995380-89BD-4b04-88EB-625FBE52EBFB}</UniqueIdentifier>
      <Extensions>h;hh;hpp;hxx;hm;inl;inc;xsd</Extensions>
    </Filter>
    <Filter Include="Resource Files">
      <UniqueIdentifier>{67DA6AB6-F800-4c08-8B7A-83BB121AAD01}</UniqueIdentifier>
      <Extensions>rc;ico;cur;bmp;dlg;rc2;rct;bin;rgs;gif;jpg;jpeg;jpe;resx;tiff;tif;png;wav;mfcribbon-ms</Extensions>
    </Filter>
    <Filter Include="Resource Files\Problems">
      <UniqueIdentifier>{f9ff2c60-4b0f-48f4-abfa-17126e2ed886}</UniqueIdentifier>
    </Filter>
    <Filter Include="Resource Files\DataStructures">
      <UniqueIdentifier>{0f54abc6-e2a4-45b0-9a4f-3d4a4875e8ab}</UniqueIdentifier>
    </Filter>
    <Filter Include="Source Files\Problems">
      <UniqueIdentifier>{51153f66-98ab-47f2-a62e-172fb49d6315}</UniqueIdentifier>
    </Filter>
    <Filter Include="Source Files\DataStructures">
      <UniqueIdentifier>{dbcc8e9e-2643-483c-a3e9-ea098ba0de5c}</UniqueIdentifier>
    </Filter>
  </ItemGroup>
  <ItemGroup>
    <ClCompile Include="LinkedListProblems.cpp">
      <Filter>Source Files</Filter>
    </ClCompile>
    <ClCompile Include="ProblemInterface.cpp">
      <Filter>Source Files</Filter>
    </ClCompile>
    <ClCompile Include="Utilities.cpp">
      <Filter>Source Files</Filter>
    </ClCompile>
    <ClCompile Include="Node.cpp">
      <Filter>Source Files\DataStructures</Filter>
    </ClCompile>
    <ClCompile Include="LinkedList.cpp">
      <Filter>Source Files\DataStructures</Filter>
    </ClCompile>
    <ClCompile Include="Problem01.cpp">
      <Filter>Source Files\Problems</Filter>
    </ClCompile>
    <ClCompile Include="Problem02.cpp">
      <Filter>Source Files\Problems</Filter>
    </ClCompile>
  </ItemGroup>
  <ItemGroup>
    <ClInclude Include="ProblemInterface.h">
      <Filter>Resource Files</Filter>
    </ClInclude>
    <ClInclude Include="Utilities.h">
      <Filter>Resource Files</Filter>
    </ClInclude>
    <ClInclude Include="Problem02.h">
      <Filter>Resource Files\Problems</Filter>
    </ClInclude>
    <ClInclude Include="Problem01.h">
      <Filter>Resource Files\Problems</Filter>
    </ClInclude>
    <ClInclude Include="Node.h">
      <Filter>Resource Files\DataStructures</Filter>
    </ClInclude>
    <ClInclude Include="LinkedList.h">
      <Filter>Resource Files\DataStructures</Filter>
    </ClInclude>
  </ItemGroup>
</Project>